
Microsoft Visual Studio Solution File, Format Version 12.00
# Visual Studio Version 16
VisualStudioVersion = 16.0.30907.101
MinimumVisualStudioVersion = 10.0.40219.1
Project("{FAE04EC0-301F-11D3-BF4B-00C04F79EFBC}") = "Assessment 2 Sale", "Assessment 2 Sale\Assessment 2 Sale.csproj", "{EFF5E1F7-FA98-49A4-A6E8-C59E0F90C5A6}"
EndProject
Global
	GlobalSection(SolutionConfigurationPlatforms) = preSolution
		Debug|Any CPU = Debug|Any CPU
		Release|Any CPU = Release|Any CPU
	EndGlobalSection
	GlobalSection(ProjectConfigurationPlatforms) = postSolution
		{EFF5E1F7-FA98-49A4-A6E8-C59E0F90C5A6}.Debug|Any CPU.ActiveCfg = Debug|Any CPU
		{EFF5E1F7-FA98-49A4-A6E8-C59E0F90C5A6}.Debug|Any CPU.Build.0 = Debug|Any CPU
		{EFF5E1F7-FA98-49A4-A6E8-C59E0F90C5A6}.Release|Any CPU.ActiveCfg = Release|Any CPU
		{EFF5E1F7-FA98-49A4-A6E8-C59E0F90C5A6}.Release|Any CPU.Build.0 = Release|Any CPU
	EndGlobalSection
	GlobalSection(SolutionProperties) = preSolution
		HideSolutionNode = FALSE
	EndGlobalSection
	GlobalSection(ExtensibilityGlobals) = postSolution
		SolutionGuid = {8913C4A9-09D0-445D-BBDF-C513E97A9397}
	EndGlobalSection
EndGlobal
